
Microsoft Visual Studio Solution File, Format Version 12.00
# Visual Studio Version 16
VisualStudioVersion = 16.0.32106.194
MinimumVisualStudioVersion = 10.0.40219.1
Project("{FAE04EC0-301F-11D3-BF4B-00C04F79EFBC}") = "IngressoMVC", "IngressoMVC\IngressoMVC.csproj", "{46220EFB-B2D0-410F-8282-26AEDDEE70EE}"
EndProject
Global
	GlobalSection(SolutionConfigurationPlatforms) = preSolution
		Debug|Any CPU = Debug|Any CPU
		Release|Any CPU = Release|Any CPU
	EndGlobalSection
	GlobalSection(ProjectConfigurationPlatforms) = postSolution
		{46220EFB-B2D0-410F-8282-26AEDDEE70EE}.Debug|Any CPU.ActiveCfg = Debug|Any CPU
		{46220EFB-B2D0-410F-8282-26AEDDEE70EE}.Debug|Any CPU.Build.0 = Debug|Any CPU
		{46220EFB-B2D0-410F-8282-26AEDDEE70EE}.Release|Any CPU.ActiveCfg = Release|Any CPU
		{46220EFB-B2D0-410F-8282-26AEDDEE70EE}.Release|Any CPU.Build.0 = Release|Any CPU
	EndGlobalSection
	GlobalSection(SolutionProperties) = preSolution
		HideSolutionNode = FALSE
	EndGlobalSection
	GlobalSection(ExtensibilityGlobals) = postSolution
		SolutionGuid = {72EBA07C-A0C4-43D2-93D4-870D2D13CC1B}
	EndGlobalSection
EndGlobal
